
Microsoft Visual Studio Solution File, Format Version 12.00
# Visual Studio Version 17
VisualStudioVersion = 17.11.35327.3
MinimumVisualStudioVersion = 10.0.40219.1
Project("{FAE04EC0-301F-11D3-BF4B-00C04F79EFBC}") = "Set2Ex10", "Set2Ex10.csproj", "{9DBB4D4C-7E9E-4C7D-9EA7-C78621328143}"
EndProject
Global
	GlobalSection(SolutionConfigurationPlatforms) = preSolution
		Debug|Any CPU = Debug|Any CPU
		Release|Any CPU = Release|Any CPU
	EndGlobalSection
	GlobalSection(ProjectConfigurationPlatforms) = postSolution
		{9DBB4D4C-7E9E-4C7D-9EA7-C78621328143}.Debug|Any CPU.ActiveCfg = Debug|Any CPU
		{9DBB4D4C-7E9E-4C7D-9EA7-C78621328143}.Debug|Any CPU.Build.0 = Debug|Any CPU
		{9DBB4D4C-7E9E-4C7D-9EA7-C78621328143}.Release|Any CPU.ActiveCfg = Release|Any CPU
		{9DBB4D4C-7E9E-4C7D-9EA7-C78621328143}.Release|Any CPU.Build.0 = Release|Any CPU
	EndGlobalSection
	GlobalSection(SolutionProperties) = preSolution
		HideSolutionNode = FALSE
	EndGlobalSection
	GlobalSection(ExtensibilityGlobals) = postSolution
		SolutionGuid = {D6D64DA9-6F8B-44E5-A7C6-B233FF811ED6}
	EndGlobalSection
EndGlobal
